
Microsoft Visual Studio Solution File, Format Version 12.00
# Visual Studio Version 16
VisualStudioVersion = 25.0.1705.4
MinimumVisualStudioVersion = 10.0.40219.1
Project("{2150E333-8FDC-42A3-9474-1A3956D46DE8}") = "Core", "Core", "{09C3B50A-A714-4155-8DC5-5B8D5E42808F}"
EndProject
Project("{FAE04EC0-301F-11D3-BF4B-00C04F79EFBC}") = "ECommerceAPI.Domain", "Core\ECommerceAPI.Domain\ECommerceAPI.Domain.csproj", "{15119A82-DDDB-4A4B-93CD-4E6FE9B19CD4}"
EndProject
Project("{FAE04EC0-301F-11D3-BF4B-00C04F79EFBC}") = "ECommerceAPI.Application", "Core\Application\ECommerceAPI.Application.csproj", "{01784DAB-DEC8-42ED-A621-06DD1AC69A68}"
EndProject
Project("{2150E333-8FDC-42A3-9474-1A3956D46DE8}") = "Infrastructure", "Infrastructure", "{38006B3A-2C3F-4D3D-8ABB-52B6B0827439}"
EndProject
Project("{FAE04EC0-301F-11D3-BF4B-00C04F79EFBC}") = "ECommerceAPI.Infrastructure", "Infrastructure\ECommerceAPI.Infrastructure\ECommerceAPI.Infrastructure.csproj", "{46D3D1C2-3F94-404B-B4C4-7D6DA1BC75AD}"
EndProject
Project("{FAE04EC0-301F-11D3-BF4B-00C04F79EFBC}") = "ECommerceAPI.Persistence", "Infrastructure\ECommerceAPI.Persistence\ECommerceAPI.Persistence.csproj", "{483F11A3-1413-4AC9-9411-0CC38D8A568A}"
EndProject
Project("{2150E333-8FDC-42A3-9474-1A3956D46DE8}") = "Presentation", "Presentation", "{6991E553-FD37-4372-8829-A6AE67C78BA5}"
EndProject
Project("{2150E333-8FDC-42A3-9474-1A3956D46DE8}") = "Presentation", "Presentation", "{102A7637-A335-458C-9973-7802992F8B8D}"
EndProject
Project("{FAE04EC0-301F-11D3-BF4B-00C04F79EFBC}") = "ECommerceAPI.API", "Presentation\ECommerceAPI.API\ECommerceAPI.API.csproj", "{B6A4A23E-EE7A-447C-A1D7-E89E0D1A1FCA}"
EndProject
Global
	GlobalSection(SolutionConfigurationPlatforms) = preSolution
		Debug|Any CPU = Debug|Any CPU
		Release|Any CPU = Release|Any CPU
	EndGlobalSection
	GlobalSection(ProjectConfigurationPlatforms) = postSolution
		{15119A82-DDDB-4A4B-93CD-4E6FE9B19CD4}.Debug|Any CPU.ActiveCfg = Debug|Any CPU
		{15119A82-DDDB-4A4B-93CD-4E6FE9B19CD4}.Debug|Any CPU.Build.0 = Debug|Any CPU
		{15119A82-DDDB-4A4B-93CD-4E6FE9B19CD4}.Release|Any CPU.ActiveCfg = Release|Any CPU
		{15119A82-DDDB-4A4B-93CD-4E6FE9B19CD4}.Release|Any CPU.Build.0 = Release|Any CPU
		{01784DAB-DEC8-42ED-A621-06DD1AC69A68}.Debug|Any CPU.ActiveCfg = Debug|Any CPU
		{01784DAB-DEC8-42ED-A621-06DD1AC69A68}.Debug|Any CPU.Build.0 = Debug|Any CPU
		{01784DAB-DEC8-42ED-A621-06DD1AC69A68}.Release|Any CPU.ActiveCfg = Release|Any CPU
		{01784DAB-DEC8-42ED-A621-06DD1AC69A68}.Release|Any CPU.Build.0 = Release|Any CPU
		{46D3D1C2-3F94-404B-B4C4-7D6DA1BC75AD}.Debug|Any CPU.ActiveCfg = Debug|Any CPU
		{46D3D1C2-3F94-404B-B4C4-7D6DA1BC75AD}.Debug|Any CPU.Build.0 = Debug|Any CPU
		{46D3D1C2-3F94-404B-B4C4-7D6DA1BC75AD}.Release|Any CPU.ActiveCfg = Release|Any CPU
		{46D3D1C2-3F94-404B-B4C4-7D6DA1BC75AD}.Release|Any CPU.Build.0 = Release|Any CPU
		{483F11A3-1413-4AC9-9411-0CC38D8A568A}.Debug|Any CPU.ActiveCfg = Debug|Any CPU
		{483F11A3-1413-4AC9-9411-0CC38D8A568A}.Debug|Any CPU.Build.0 = Debug|Any CPU
		{483F11A3-1413-4AC9-9411-0CC38D8A568A}.Release|Any CPU.ActiveCfg = Release|Any CPU
		{483F11A3-1413-4AC9-9411-0CC38D8A568A}.Release|Any CPU.Build.0 = Release|Any CPU
		{B6A4A23E-EE7A-447C-A1D7-E89E0D1A1FCA}.Debug|Any CPU.ActiveCfg = Debug|Any CPU
		{B6A4A23E-EE7A-447C-A1D7-E89E0D1A1FCA}.Debug|Any CPU.Build.0 = Debug|Any CPU
		{B6A4A23E-EE7A-447C-A1D7-E89E0D1A1FCA}.Release|Any CPU.ActiveCfg = Release|Any CPU
		{B6A4A23E-EE7A-447C-A1D7-E89E0D1A1FCA}.Release|Any CPU.Build.0 = Release|Any CPU
	EndGlobalSection
	GlobalSection(SolutionProperties) = preSolution
		HideSolutionNode = FALSE
	EndGlobalSection
	GlobalSection(ExtensibilityGlobals) = postSolution
		SolutionGuid = {F7BC16D7-E39C-41ED-8BB2-6ABED2088B9A}
	EndGlobalSection
	GlobalSection(NestedProjects) = preSolution
		{15119A82-DDDB-4A4B-93CD-4E6FE9B19CD4} = {09C3B50A-A714-4155-8DC5-5B8D5E42808F}
		{01784DAB-DEC8-42ED-A621-06DD1AC69A68} = {09C3B50A-A714-4155-8DC5-5B8D5E42808F}
		{46D3D1C2-3F94-404B-B4C4-7D6DA1BC75AD} = {38006B3A-2C3F-4D3D-8ABB-52B6B0827439}
		{483F11A3-1413-4AC9-9411-0CC38D8A568A} = {38006B3A-2C3F-4D3D-8ABB-52B6B0827439}
		{6991E553-FD37-4372-8829-A6AE67C78BA5} = {09C3B50A-A714-4155-8DC5-5B8D5E42808F}
		{B6A4A23E-EE7A-447C-A1D7-E89E0D1A1FCA} = {102A7637-A335-458C-9973-7802992F8B8D}
	EndGlobalSection
EndGlobal
